
Microsoft Visual Studio Solution File, Format Version 12.00
# Visual Studio 15
VisualStudioVersion = 15.0.28307.539
MinimumVisualStudioVersion = 10.0.40219.1
Project("{9A19103F-16F7-4668-BE54-9A1E7A4F7556}") = "SteamTracker", "SteamTracker.csproj", "{052EF86D-CB2D-4D2B-B76A-25D206903B7A}"
EndProject
Global
	GlobalSection(SolutionConfigurationPlatforms) = preSolution
		Debug|Any CPU = Debug|Any CPU
		Release|Any CPU = Release|Any CPU
	EndGlobalSection
	GlobalSection(ProjectConfigurationPlatforms) = postSolution
		{052EF86D-CB2D-4D2B-B76A-25D206903B7A}.Debug|Any CPU.ActiveCfg = Debug|Any CPU
		{052EF86D-CB2D-4D2B-B76A-25D206903B7A}.Debug|Any CPU.Build.0 = Debug|Any CPU
		{052EF86D-CB2D-4D2B-B76A-25D206903B7A}.Release|Any CPU.ActiveCfg = Release|Any CPU
		{052EF86D-CB2D-4D2B-B76A-25D206903B7A}.Release|Any CPU.Build.0 = Release|Any CPU
	EndGlobalSection
	GlobalSection(SolutionProperties) = preSolution
		HideSolutionNode = FALSE
	EndGlobalSection
	GlobalSection(ExtensibilityGlobals) = postSolution
		SolutionGuid = {CAF4F5FD-C612-4AD2-AB27-87BF2346EABC}
	EndGlobalSection
EndGlobal
